
Microsoft Visual Studio Solution File, Format Version 12.00
# Visual Studio Version 16
VisualStudioVersion = 16.0.29911.84
MinimumVisualStudioVersion = 10.0.40219.1
Project("{9A19103F-16F7-4668-BE54-9A1E7A4F7556}") = "Bamboo", "Bamboo\Bamboo.csproj", "{663F5999-606C-44CE-B249-1D38966AAF1C}"
EndProject
Global
	GlobalSection(SolutionConfigurationPlatforms) = preSolution
		Debug|Any CPU = Debug|Any CPU
		Release|Any CPU = Release|Any CPU
	EndGlobalSection
	GlobalSection(ProjectConfigurationPlatforms) = postSolution
		{663F5999-606C-44CE-B249-1D38966AAF1C}.Debug|Any CPU.ActiveCfg = Debug|Any CPU
		{663F5999-606C-44CE-B249-1D38966AAF1C}.Debug|Any CPU.Build.0 = Debug|Any CPU
		{663F5999-606C-44CE-B249-1D38966AAF1C}.Release|Any CPU.ActiveCfg = Release|Any CPU
		{663F5999-606C-44CE-B249-1D38966AAF1C}.Release|Any CPU.Build.0 = Release|Any CPU
	EndGlobalSection
	GlobalSection(SolutionProperties) = preSolution
		HideSolutionNode = FALSE
	EndGlobalSection
	GlobalSection(ExtensibilityGlobals) = postSolution
		SolutionGuid = {F92704CA-841A-4508-AD8A-6988F82C114B}
	EndGlobalSection
EndGlobal
